// !$*UTF8*$!
{
	archiveVersion = 1;
	classes = {
	};
	objectVersion = 50;
	objects = {

/* Begin PBXBuildFile section */
		2D135FD32409D56200D3127A /* AppDelegate.swift in Sources */ = {isa = PBXBuildFile; fileRef = 2D135FD22409D56200D3127A /* AppDelegate.swift */; };
		2D135FD52409D56200D3127A /* SceneDelegate.swift in Sources */ = {isa = PBXBuildFile; fileRef = 2D135FD42409D56200D3127A /* SceneDelegate.swift */; };
		2D135FDA2409D56200D3127A /* Main.storyboard in Resources */ = {isa = PBXBuildFile; fileRef = 2D135FD82409D56200D3127A /* Main.storyboard */; };
		2D135FDC2409D58100D3127A /* Assets.xcassets in Resources */ = {isa = PBXBuildFile; fileRef = 2D135FDB2409D58100D3127A /* Assets.xcassets */; };
		2D135FDF2409D58100D3127A /* LaunchScreen.storyboard in Resources */ = {isa = PBXBuildFile; fileRef = 2D135FDD2409D58100D3127A /* LaunchScreen.storyboard */; };
		387D0077240B496300D394EF /* Ubuntu-B.ttf in Resources */ = {isa = PBXBuildFile; fileRef = 387D0070240B495E00D394EF /* Ubuntu-B.ttf */; };
		387D0078240B496600D394EF /* Ubuntu-BI.ttf in Resources */ = {isa = PBXBuildFile; fileRef = 387D0071240B495E00D394EF /* Ubuntu-BI.ttf */; };
		387D0079240B496800D394EF /* Ubuntu-C.ttf in Resources */ = {isa = PBXBuildFile; fileRef = 387D006E240B495E00D394EF /* Ubuntu-C.ttf */; };
		387D007A240B496B00D394EF /* Ubuntu-L.ttf in Resources */ = {isa = PBXBuildFile; fileRef = 387D0073240B495F00D394EF /* Ubuntu-L.ttf */; };
		387D007B240B496D00D394EF /* Ubuntu-LI.ttf in Resources */ = {isa = PBXBuildFile; fileRef = 387D006F240B495E00D394EF /* Ubuntu-LI.ttf */; };
		387D007C240B497000D394EF /* Ubuntu-M.ttf in Resources */ = {isa = PBXBuildFile; fileRef = 387D0074240B495F00D394EF /* Ubuntu-M.ttf */; };
		387D007D240B497300D394EF /* Ubuntu-MI.ttf in Resources */ = {isa = PBXBuildFile; fileRef = 387D0072240B495E00D394EF /* Ubuntu-MI.ttf */; };
		387D007E240B497500D394EF /* Ubuntu-R.ttf in Resources */ = {isa = PBXBuildFile; fileRef = 387D0075240B495F00D394EF /* Ubuntu-R.ttf */; };
		387D007F240B497800D394EF /* Ubuntu-RI.ttf in Resources */ = {isa = PBXBuildFile; fileRef = 387D0076240B495F00D394EF /* Ubuntu-RI.ttf */; };
		38F0FA38240C2DED00426676 /* CurrentWeatherViewController.swift in Sources */ = {isa = PBXBuildFile; fileRef = 38F0FA37240C2DED00426676 /* CurrentWeatherViewController.swift */; };
		38F0FA3A240C2E1700426676 /* ForecastedWeatherDayViewController.swift in Sources */ = {isa = PBXBuildFile; fileRef = 38F0FA39240C2E1700426676 /* ForecastedWeatherDayViewController.swift */; };
		38F0FA3C240C2E2200426676 /* SearchViewController.swift in Sources */ = {isa = PBXBuildFile; fileRef = 38F0FA3B240C2E2200426676 /* SearchViewController.swift */; };
		38F0FA3F240C306F00426676 /* ForecastedWeatherTableViewCell.swift in Sources */ = {isa = PBXBuildFile; fileRef = 38F0FA3E240C306F00426676 /* ForecastedWeatherTableViewCell.swift */; };
/* End PBXBuildFile section */

/* Begin PBXFileReference section */
		2D135FCF2409D56200D3127A /* PandoraWeatherProject.app */ = {isa = PBXFileReference; explicitFileType = wrapper.application; includeInIndex = 0; path = PandoraWeatherProject.app; sourceTree = BUILT_PRODUCTS_DIR; };
		2D135FD22409D56200D3127A /* AppDelegate.swift */ = {isa = PBXFileReference; lastKnownFileType = sourcecode.swift; path = AppDelegate.swift; sourceTree = "<group>"; };
		2D135FD42409D56200D3127A /* SceneDelegate.swift */ = {isa = PBXFileReference; lastKnownFileType = sourcecode.swift; path = SceneDelegate.swift; sourceTree = "<group>"; };
		2D135FD92409D56200D3127A /* Base */ = {isa = PBXFileReference; lastKnownFileType = file.storyboard; name = Base; path = Base.lproj/Main.storyboard; sourceTree = "<group>"; };
		2D135FDB2409D58100D3127A /* Assets.xcassets */ = {isa = PBXFileReference; lastKnownFileType = folder.assetcatalog; path = Assets.xcassets; sourceTree = "<group>"; };
		2D135FDE2409D58100D3127A /* Base */ = {isa = PBXFileReference; lastKnownFileType = file.storyboard; name = Base; path = Base.lproj/LaunchScreen.storyboard; sourceTree = "<group>"; };
		2D135FE02409D58100D3127A /* Info.plist */ = {isa = PBXFileReference; lastKnownFileType = text.plist.xml; path = Info.plist; sourceTree = "<group>"; };
		387D006E240B495E00D394EF /* Ubuntu-C.ttf */ = {isa = PBXFileReference; lastKnownFileType = file; path = "Ubuntu-C.ttf"; sourceTree = "<group>"; };
		387D006F240B495E00D394EF /* Ubuntu-LI.ttf */ = {isa = PBXFileReference; lastKnownFileType = file; path = "Ubuntu-LI.ttf"; sourceTree = "<group>"; };
		387D0070240B495E00D394EF /* Ubuntu-B.ttf */ = {isa = PBXFileReference; lastKnownFileType = file; path = "Ubuntu-B.ttf"; sourceTree = "<group>"; };
		387D0071240B495E00D394EF /* Ubuntu-BI.ttf */ = {isa = PBXFileReference; lastKnownFileType = file; path = "Ubuntu-BI.ttf"; sourceTree = "<group>"; };
		387D0072240B495E00D394EF /* Ubuntu-MI.ttf */ = {isa = PBXFileReference; lastKnownFileType = file; path = "Ubuntu-MI.ttf"; sourceTree = "<group>"; };
		387D0073240B495F00D394EF /* Ubuntu-L.ttf */ = {isa = PBXFileReference; lastKnownFileType = file; path = "Ubuntu-L.ttf"; sourceTree = "<group>"; };
		387D0074240B495F00D394EF /* Ubuntu-M.ttf */ = {isa = PBXFileReference; lastKnownFileType = file; path = "Ubuntu-M.ttf"; sourceTree = "<group>"; };
		387D0075240B495F00D394EF /* Ubuntu-R.ttf */ = {isa = PBXFileReference; lastKnownFileType = file; path = "Ubuntu-R.ttf"; sourceTree = "<group>"; };
		387D0076240B495F00D394EF /* Ubuntu-RI.ttf */ = {isa = PBXFileReference; lastKnownFileType = file; path = "Ubuntu-RI.ttf"; sourceTree = "<group>"; };
		38F0FA37240C2DED00426676 /* CurrentWeatherViewController.swift */ = {isa = PBXFileReference; lastKnownFileType = sourcecode.swift; path = CurrentWeatherViewController.swift; sourceTree = "<group>"; };
		38F0FA39240C2E1700426676 /* ForecastedWeatherDayViewController.swift */ = {isa = PBXFileReference; lastKnownFileType = sourcecode.swift; path = ForecastedWeatherDayViewController.swift; sourceTree = "<group>"; };
		38F0FA3B240C2E2200426676 /* SearchViewController.swift */ = {isa = PBXFileReference; lastKnownFileType = sourcecode.swift; path = SearchViewController.swift; sourceTree = "<group>"; };
		38F0FA3E240C306F00426676 /* ForecastedWeatherTableViewCell.swift */ = {isa = PBXFileReference; lastKnownFileType = sourcecode.swift; path = ForecastedWeatherTableViewCell.swift; sourceTree = "<group>"; };
/* End PBXFileReference section */

/* Begin PBXFrameworksBuildPhase section */
		2D135FCC2409D56200D3127A /* Frameworks */ = {
			isa = PBXFrameworksBuildPhase;
			buildActionMask = 2147483647;
			files = (
			);
			runOnlyForDeploymentPostprocessing = 0;
		};
/* End PBXFrameworksBuildPhase section */

/* Begin PBXGroup section */
		2D135FC62409D56100D3127A = {
			isa = PBXGroup;
			children = (
				2D135FD12409D56200D3127A /* PandoraWeatherProject */,
				2D135FD02409D56200D3127A /* Products */,
			);
			sourceTree = "<group>";
		};
		2D135FD02409D56200D3127A /* Products */ = {
			isa = PBXGroup;
			children = (
				2D135FCF2409D56200D3127A /* PandoraWeatherProject.app */,
			);
			name = Products;
			sourceTree = "<group>";
		};
		2D135FD12409D56200D3127A /* PandoraWeatherProject */ = {
			isa = PBXGroup;
			children = (
				38F0FA3D240C305100426676 /* Custom Views */,
				387D0063240B43AF00D394EF /* View Controllers */,
				387D0064240B43BD00D394EF /* Storyboards */,
				387D0062240B438500D394EF /* Resources */,
			);
			path = PandoraWeatherProject;
			sourceTree = "<group>";
		};
		387D0062240B438500D394EF /* Resources */ = {
			isa = PBXGroup;
			children = (
				2D135FD22409D56200D3127A /* AppDelegate.swift */,
				2D135FE02409D58100D3127A /* Info.plist */,
				2D135FD42409D56200D3127A /* SceneDelegate.swift */,
				2D135FDB2409D58100D3127A /* Assets.xcassets */,
				387D0067240B461E00D394EF /* Fonts */,
			);
			path = Resources;
			sourceTree = "<group>";
		};
		387D0063240B43AF00D394EF /* View Controllers */ = {
			isa = PBXGroup;
			children = (
				38F0FA37240C2DED00426676 /* CurrentWeatherViewController.swift */,
				38F0FA39240C2E1700426676 /* ForecastedWeatherDayViewController.swift */,
				38F0FA3B240C2E2200426676 /* SearchViewController.swift */,
			);
			path = "View Controllers";
			sourceTree = "<group>";
		};
		387D0064240B43BD00D394EF /* Storyboards */ = {
			isa = PBXGroup;
			children = (
				2D135FD82409D56200D3127A /* Main.storyboard */,
				2D135FDD2409D58100D3127A /* LaunchScreen.storyboard */,
			);
			path = Storyboards;
			sourceTree = "<group>";
		};
		387D0067240B461E00D394EF /* Fonts */ = {
			isa = PBXGroup;
			children = (
				387D0070240B495E00D394EF /* Ubuntu-B.ttf */,
				387D0071240B495E00D394EF /* Ubuntu-BI.ttf */,
				387D006E240B495E00D394EF /* Ubuntu-C.ttf */,
				387D0073240B495F00D394EF /* Ubuntu-L.ttf */,
				387D006F240B495E00D394EF /* Ubuntu-LI.ttf */,
				387D0074240B495F00D394EF /* Ubuntu-M.ttf */,
				387D0072240B495E00D394EF /* Ubuntu-MI.ttf */,
				387D0075240B495F00D394EF /* Ubuntu-R.ttf */,
				387D0076240B495F00D394EF /* Ubuntu-RI.ttf */,
			);
			path = Fonts;
			sourceTree = "<group>";
		};
		38F0FA3D240C305100426676 /* Custom Views */ = {
			isa = PBXGroup;
			children = (
				38F0FA3E240C306F00426676 /* ForecastedWeatherTableViewCell.swift */,
			);
			path = "Custom Views";
			sourceTree = "<group>";
		};
/* End PBXGroup section */

/* Begin PBXNativeTarget section */
		2D135FCE2409D56200D3127A /* PandoraWeatherProject */ = {
			isa = PBXNativeTarget;
			buildConfigurationList = 2D135FE32409D58200D3127A /* Build configuration list for PBXNativeTarget "PandoraWeatherProject" */;
			buildPhases = (
				2D135FCB2409D56200D3127A /* Sources */,
				2D135FCC2409D56200D3127A /* Frameworks */,
				2D135FCD2409D56200D3127A /* Resources */,
			);
			buildRules = (
			);
			dependencies = (
			);
			name = PandoraWeatherProject;
			productName = PandoraWeatherProject;
			productReference = 2D135FCF2409D56200D3127A /* PandoraWeatherProject.app */;
			productType = "com.apple.product-type.application";
		};
/* End PBXNativeTarget section */

/* Begin PBXProject section */
		2D135FC72409D56100D3127A /* Project object */ = {
			isa = PBXProject;
			attributes = {
				LastSwiftUpdateCheck = 1130;
				LastUpgradeCheck = 1130;
				ORGANIZATIONNAME = "Alexandra Rhodes";
				TargetAttributes = {
					2D135FCE2409D56200D3127A = {
						CreatedOnToolsVersion = 11.3.1;
					};
				};
			};
			buildConfigurationList = 2D135FCA2409D56100D3127A /* Build configuration list for PBXProject "PandoraWeatherProject" */;
			compatibilityVersion = "Xcode 9.3";
			developmentRegion = en;
			hasScannedForEncodings = 0;
			knownRegions = (
				en,
				Base,
			);
			mainGroup = 2D135FC62409D56100D3127A;
			productRefGroup = 2D135FD02409D56200D3127A /* Products */;
			projectDirPath = "";
			projectRoot = "";
			targets = (
				2D135FCE2409D56200D3127A /* PandoraWeatherProject */,
			);
		};
/* End PBXProject section */

/* Begin PBXResourcesBuildPhase section */
		2D135FCD2409D56200D3127A /* Resources */ = {
			isa = PBXResourcesBuildPhase;
			buildActionMask = 2147483647;
			files = (
				387D007F240B497800D394EF /* Ubuntu-RI.ttf in Resources */,
				2D135FDF2409D58100D3127A /* LaunchScreen.storyboard in Resources */,
				387D007D240B497300D394EF /* Ubuntu-MI.ttf in Resources */,
				387D0078240B496600D394EF /* Ubuntu-BI.ttf in Resources */,
				2D135FDC2409D58100D3127A /* Assets.xcassets in Resources */,
				387D0079240B496800D394EF /* Ubuntu-C.ttf in Resources */,
				387D0077240B496300D394EF /* Ubuntu-B.ttf in Resources */,
				387D007A240B496B00D394EF /* Ubuntu-L.ttf in Resources */,
				387D007E240B497500D394EF /* Ubuntu-R.ttf in Resources */,
				387D007C240B497000D394EF /* Ubuntu-M.ttf in Resources */,
				387D007B240B496D00D394EF /* Ubuntu-LI.ttf in Resources */,
				2D135FDA2409D56200D3127A /* Main.storyboard in Resources */,
			);
			runOnlyForDeploymentPostprocessing = 0;
		};
/* End PBXResourcesBuildPhase section */

/* Begin PBXSourcesBuildPhase section */
		2D135FCB2409D56200D3127A /* Sources */ = {
			isa = PBXSourcesBuildPhase;
			buildActionMask = 2147483647;
			files = (
				38F0FA3C240C2E2200426676 /* SearchViewController.swift in Sources */,
				38F0FA3A240C2E1700426676 /* ForecastedWeatherDayViewController.swift in Sources */,
				2D135FD32409D56200D3127A /* AppDelegate.swift in Sources */,
				2D135FD52409D56200D3127A /* SceneDelegate.swift in Sources */,
				38F0FA3F240C306F00426676 /* ForecastedWeatherTableViewCell.swift in Sources */,
				38F0FA38240C2DED00426676 /* CurrentWeatherViewController.swift in Sources */,
			);
			runOnlyForDeploymentPostprocessing = 0;
		};
/* End PBXSourcesBuildPhase section */

/* Begin PBXVariantGroup section */
		2D135FD82409D56200D3127A /* Main.storyboard */ = {
			isa = PBXVariantGroup;
			children = (
				2D135FD92409D56200D3127A /* Base */,
			);
			name = Main.storyboard;
			sourceTree = "<group>";
		};
		2D135FDD2409D58100D3127A /* LaunchScreen.storyboard */ = {
			isa = PBXVariantGroup;
			children = (
				2D135FDE2409D58100D3127A /* Base */,
			);
			name = LaunchScreen.storyboard;
			sourceTree = "<group>";
		};
/* End PBXVariantGroup section */

/* Begin XCBuildConfiguration section */
		2D135FE12409D58200D3127A /* Debug */ = {
			isa = XCBuildConfiguration;
			buildSettings = {
				ALWAYS_SEARCH_USER_PATHS = NO;
				CLANG_ANALYZER_NONNULL = YES;
				CLANG_ANALYZER_NUMBER_OBJECT_CONVERSION = YES_AGGRESSIVE;
				CLANG_CXX_LANGUAGE_STANDARD = "gnu++14";
				CLANG_CXX_LIBRARY = "libc++";
				CLANG_ENABLE_MODULES = YES;
				CLANG_ENABLE_OBJC_ARC = YES;
				CLANG_ENABLE_OBJC_WEAK = YES;
				CLANG_WARN_BLOCK_CAPTURE_AUTORELEASING = YES;
				CLANG_WARN_BOOL_CONVERSION = YES;
				CLANG_WARN_COMMA = YES;
				CLANG_WARN_CONSTANT_CONVERSION = YES;
				CLANG_WARN_DEPRECATED_OBJC_IMPLEMENTATIONS = YES;
				CLANG_WARN_DIRECT_OBJC_ISA_USAGE = YES_ERROR;
				CLANG_WARN_DOCUMENTATION_COMMENTS = YES;
				CLANG_WARN_EMPTY_BODY = YES;
				CLANG_WARN_ENUM_CONVERSION = YES;
				CLANG_WARN_INFINITE_RECURSION = YES;
				CLANG_WARN_INT_CONVERSION = YES;
				CLANG_WARN_NON_LITERAL_NULL_CONVERSION = YES;
				CLANG_WARN_OBJC_IMPLICIT_RETAIN_SELF = YES;
				CLANG_WARN_OBJC_LITERAL_CONVERSION = YES;
				CLANG_WARN_OBJC_ROOT_CLASS = YES_ERROR;
				CLANG_WARN_RANGE_LOOP_ANALYSIS = YES;
				CLANG_WARN_STRICT_PROTOTYPES = YES;
				CLANG_WARN_SUSPICIOUS_MOVE = YES;
				CLANG_WARN_UNGUARDED_AVAILABILITY = YES_AGGRESSIVE;
				CLANG_WARN_UNREACHABLE_CODE = YES;
				CLANG_WARN__DUPLICATE_METHOD_MATCH = YES;
				COPY_PHASE_STRIP = NO;
				DEBUG_INFORMATION_FORMAT = dwarf;
				ENABLE_STRICT_OBJC_MSGSEND = YES;
				ENABLE_TESTABILITY = YES;
				GCC_C_LANGUAGE_STANDARD = gnu11;
				GCC_DYNAMIC_NO_PIC = NO;
				GCC_NO_COMMON_BLOCKS = YES;
				GCC_OPTIMIZATION_LEVEL = 0;
				GCC_PREPROCESSOR_DEFINITIONS = (
					"DEBUG=1",
					"$(inherited)",
				);
				GCC_WARN_64_TO_32_BIT_CONVERSION = YES;
				GCC_WARN_ABOUT_RETURN_TYPE = YES_ERROR;
				GCC_WARN_UNDECLARED_SELECTOR = YES;
				GCC_WARN_UNINITIALIZED_AUTOS = YES_AGGRESSIVE;
				GCC_WARN_UNUSED_FUNCTION = YES;
				GCC_WARN_UNUSED_VARIABLE = YES;
				IPHONEOS_DEPLOYMENT_TARGET = 13.2;
				MTL_ENABLE_DEBUG_INFO = INCLUDE_SOURCE;
				MTL_FAST_MATH = YES;
				ONLY_ACTIVE_ARCH = YES;
				SDKROOT = iphoneos;
				SWIFT_ACTIVE_COMPILATION_CONDITIONS = DEBUG;
				SWIFT_OPTIMIZATION_LEVEL = "-Onone";
			};
			name = Debug;
		};
		2D135FE22409D58200D3127A /* Release */ = {
			isa = XCBuildConfiguration;
			buildSettings = {
				ALWAYS_SEARCH_USER_PATHS = NO;
				CLANG_ANALYZER_NONNULL = YES;
				CLANG_ANALYZER_NUMBER_OBJECT_CONVERSION = YES_AGGRESSIVE;
				CLANG_CXX_LANGUAGE_STANDARD = "gnu++14";
				CLANG_CXX_LIBRARY = "libc++";
				CLANG_ENABLE_MODULES = YES;
				CLANG_ENABLE_OBJC_ARC = YES;
				CLANG_ENABLE_OBJC_WEAK = YES;
				CLANG_WARN_BLOCK_CAPTURE_AUTORELEASING = YES;
				CLANG_WARN_BOOL_CONVERSION = YES;
				CLANG_WARN_COMMA = YES;
				CLANG_WARN_CONSTANT_CONVERSION = YES;
				CLANG_WARN_DEPRECATED_OBJC_IMPLEMENTATIONS = YES;
				CLANG_WARN_DIRECT_OBJC_ISA_USAGE = YES_ERROR;
				CLANG_WARN_DOCUMENTATION_COMMENTS = YES;
				CLANG_WARN_EMPTY_BODY = YES;
				CLANG_WARN_ENUM_CONVERSION = YES;
				CLANG_WARN_INFINITE_RECURSION = YES;
				CLANG_WARN_INT_CONVERSION = YES;
				CLANG_WARN_NON_LITERAL_NULL_CONVERSION = YES;
				CLANG_WARN_OBJC_IMPLICIT_RETAIN_SELF = YES;
				CLANG_WARN_OBJC_LITERAL_CONVERSION = YES;
				CLANG_WARN_OBJC_ROOT_CLASS = YES_ERROR;
				CLANG_WARN_RANGE_LOOP_ANALYSIS = YES;
				CLANG_WARN_STRICT_PROTOTYPES = YES;
				CLANG_WARN_SUSPICIOUS_MOVE = YES;
				CLANG_WARN_UNGUARDED_AVAILABILITY = YES_AGGRESSIVE;
				CLANG_WARN_UNREACHABLE_CODE = YES;
				CLANG_WARN__DUPLICATE_METHOD_MATCH = YES;
				COPY_PHASE_STRIP = NO;
				DEBUG_INFORMATION_FORMAT = "dwarf-with-dsym";
				ENABLE_NS_ASSERTIONS = NO;
				ENABLE_STRICT_OBJC_MSGSEND = YES;
				GCC_C_LANGUAGE_STANDARD = gnu11;
				GCC_NO_COMMON_BLOCKS = YES;
				GCC_WARN_64_TO_32_BIT_CONVERSION = YES;
				GCC_WARN_ABOUT_RETURN_TYPE = YES_ERROR;
				GCC_WARN_UNDECLARED_SELECTOR = YES;
				GCC_WARN_UNINITIALIZED_AUTOS = YES_AGGRESSIVE;
				GCC_WARN_UNUSED_FUNCTION = YES;
				GCC_WARN_UNUSED_VARIABLE = YES;
				IPHONEOS_DEPLOYMENT_TARGET = 13.2;
				MTL_ENABLE_DEBUG_INFO = NO;
				MTL_FAST_MATH = YES;
				SDKROOT = iphoneos;
				SWIFT_COMPILATION_MODE = wholemodule;
				SWIFT_OPTIMIZATION_LEVEL = "-O";
				VALIDATE_PRODUCT = YES;
			};
			name = Release;
		};
		2D135FE42409D58200D3127A /* Debug */ = {
			isa = XCBuildConfiguration;
			buildSettings = {
				ASSETCATALOG_COMPILER_APPICON_NAME = AppIcon;
				CODE_SIGN_STYLE = Automatic;
				DEVELOPMENT_TEAM = RCQFNX9QQ7;
				INFOPLIST_FILE = PandoraWeatherProject/Resources/Info.plist;
				IPHONEOS_DEPLOYMENT_TARGET = 13.0;
				LD_RUNPATH_SEARCH_PATHS = (
					"$(inherited)",
					"@executable_path/Frameworks",
				);
				PRODUCT_BUNDLE_IDENTIFIER = com.alexandrarhodes.PandoraWeatherProject;
				PRODUCT_NAME = "$(TARGET_NAME)";
				SWIFT_VERSION = 5.0;
				TARGETED_DEVICE_FAMILY = "1,2";
			};
			name = Debug;
		};
		2D135FE52409D58200D3127A /* Release */ = {
			isa = XCBuildConfiguration;
			buildSettings = {
				ASSETCATALOG_COMPILER_APPICON_NAME = AppIcon;
				CODE_SIGN_STYLE = Automatic;
				DEVELOPMENT_TEAM = RCQFNX9QQ7;
				INFOPLIST_FILE = PandoraWeatherProject/Resources/Info.plist;
				IPHONEOS_DEPLOYMENT_TARGET = 13.0;
				LD_RUNPATH_SEARCH_PATHS = (
					"$(inherited)",
					"@executable_path/Frameworks",
				);
				PRODUCT_BUNDLE_IDENTIFIER = com.alexandrarhodes.PandoraWeatherProject;
				PRODUCT_NAME = "$(TARGET_NAME)";
				SWIFT_VERSION = 5.0;
				TARGETED_DEVICE_FAMILY = "1,2";
			};
			name = Release;
		};
/* End XCBuildConfiguration section */

/* Begin XCConfigurationList section */
		2D135FCA2409D56100D3127A /* Build configuration list for PBXProject "PandoraWeatherProject" */ = {
			isa = XCConfigurationList;
			buildConfigurations = (
				2D135FE12409D58200D3127A /* Debug */,
				2D135FE22409D58200D3127A /* Release */,
			);
			defaultConfigurationIsVisible = 0;
			defaultConfigurationName = Release;
		};
		2D135FE32409D58200D3127A /* Build configuration list for PBXNativeTarget "PandoraWeatherProject" */ = {
			isa = XCConfigurationList;
			buildConfigurations = (
				2D135FE42409D58200D3127A /* Debug */,
				2D135FE52409D58200D3127A /* Release */,
			);
			defaultConfigurationIsVisible = 0;
			defaultConfigurationName = Release;
		};
/* End XCConfigurationList section */
	};
	rootObject = 2D135FC72409D56100D3127A /* Project object */;
}
